
Microsoft Visual Studio Solution File, Format Version 12.00
# Visual Studio Version 17
VisualStudioVersion = 17.8.34330.188
MinimumVisualStudioVersion = 10.0.40219.1
Project("{FAE04EC0-301F-11D3-BF4B-00C04F79EFBC}") = "HeadlessNetCore", "HeadlessNetCore\HeadlessNetCore.csproj", "{377916CE-864A-4830-BC80-A02D2642B1E6}"
EndProject
Project("{FAE04EC0-301F-11D3-BF4B-00C04F79EFBC}") = "Headless.Scripting", "Headless.Scripting\Headless.Scripting.csproj", "{A1C57510-5FAA-40E1-A401-16D0C506CA10}"
EndProject
Global
	GlobalSection(SolutionConfigurationPlatforms) = preSolution
		Debug|Any CPU = Debug|Any CPU
		Release|Any CPU = Release|Any CPU
	EndGlobalSection
	GlobalSection(ProjectConfigurationPlatforms) = postSolution
		{377916CE-864A-4830-BC80-A02D2642B1E6}.Debug|Any CPU.ActiveCfg = Debug|Any CPU
		{377916CE-864A-4830-BC80-A02D2642B1E6}.Debug|Any CPU.Build.0 = Debug|Any CPU
		{377916CE-864A-4830-BC80-A02D2642B1E6}.Release|Any CPU.ActiveCfg = Release|Any CPU
		{377916CE-864A-4830-BC80-A02D2642B1E6}.Release|Any CPU.Build.0 = Release|Any CPU
		{A1C57510-5FAA-40E1-A401-16D0C506CA10}.Debug|Any CPU.ActiveCfg = Debug|Any CPU
		{A1C57510-5FAA-40E1-A401-16D0C506CA10}.Debug|Any CPU.Build.0 = Debug|Any CPU
		{A1C57510-5FAA-40E1-A401-16D0C506CA10}.Release|Any CPU.ActiveCfg = Release|Any CPU
		{A1C57510-5FAA-40E1-A401-16D0C506CA10}.Release|Any CPU.Build.0 = Release|Any CPU
	EndGlobalSection
	GlobalSection(SolutionProperties) = preSolution
		HideSolutionNode = FALSE
	EndGlobalSection
	GlobalSection(ExtensibilityGlobals) = postSolution
		SolutionGuid = {B73C12FF-926A-4E67-ADF5-479531C603CE}
	EndGlobalSection
EndGlobal
